// !$*UTF8*$!
{
	archiveVersion = 1;
	classes = {
	};
	objectVersion = 55;
	objects = {

/* Begin PBXBuildFile section */
		5C68DDA6288438FE00727DC3 /* PlayerViewController.swift in Sources */ = {isa = PBXBuildFile; fileRef = 5C68DDA5288438FE00727DC3 /* PlayerViewController.swift */; };
		5C6DDBE42884203B00D4B011 /* AppDelegate.swift in Sources */ = {isa = PBXBuildFile; fileRef = 5C6DDBE32884203B00D4B011 /* AppDelegate.swift */; };
		5C6DDBE62884203B00D4B011 /* SceneDelegate.swift in Sources */ = {isa = PBXBuildFile; fileRef = 5C6DDBE52884203B00D4B011 /* SceneDelegate.swift */; };
		5C6DDBE82884203B00D4B011 /* ViewController.swift in Sources */ = {isa = PBXBuildFile; fileRef = 5C6DDBE72884203B00D4B011 /* ViewController.swift */; };
		5C6DDBEB2884203B00D4B011 /* Main.storyboard in Resources */ = {isa = PBXBuildFile; fileRef = 5C6DDBE92884203B00D4B011 /* Main.storyboard */; };
		5C6DDBED2884203E00D4B011 /* Assets.xcassets in Resources */ = {isa = PBXBuildFile; fileRef = 5C6DDBEC2884203E00D4B011 /* Assets.xcassets */; };
		5C6DDBF02884203E00D4B011 /* LaunchScreen.storyboard in Resources */ = {isa = PBXBuildFile; fileRef = 5C6DDBEE2884203E00D4B011 /* LaunchScreen.storyboard */; };
		5C6DDBFB2884221E00D4B011 /* trackCountingStars.mp3 in Resources */ = {isa = PBXBuildFile; fileRef = 5C6DDBF82884221E00D4B011 /* trackCountingStars.mp3 */; };
		5C6DDBFC2884221E00D4B011 /* trackGruppaKrovi.mp3 in Resources */ = {isa = PBXBuildFile; fileRef = 5C6DDBF92884221E00D4B011 /* trackGruppaKrovi.mp3 */; };
		5C6DDBFD2884221E00D4B011 /* trackSmellsLikeTeenSpirit.mp3 in Resources */ = {isa = PBXBuildFile; fileRef = 5C6DDBFA2884221E00D4B011 /* trackSmellsLikeTeenSpirit.mp3 */; };
/* End PBXBuildFile section */

/* Begin PBXFileReference section */
		5C68DDA5288438FE00727DC3 /* PlayerViewController.swift */ = {isa = PBXFileReference; lastKnownFileType = sourcecode.swift; path = PlayerViewController.swift; sourceTree = "<group>"; };
		5C6DDBE02884203B00D4B011 /* AppleMusic.app */ = {isa = PBXFileReference; explicitFileType = wrapper.application; includeInIndex = 0; path = AppleMusic.app; sourceTree = BUILT_PRODUCTS_DIR; };
		5C6DDBE32884203B00D4B011 /* AppDelegate.swift */ = {isa = PBXFileReference; lastKnownFileType = sourcecode.swift; path = AppDelegate.swift; sourceTree = "<group>"; };
		5C6DDBE52884203B00D4B011 /* SceneDelegate.swift */ = {isa = PBXFileReference; lastKnownFileType = sourcecode.swift; path = SceneDelegate.swift; sourceTree = "<group>"; };
		5C6DDBE72884203B00D4B011 /* ViewController.swift */ = {isa = PBXFileReference; lastKnownFileType = sourcecode.swift; path = ViewController.swift; sourceTree = "<group>"; };
		5C6DDBEA2884203B00D4B011 /* Base */ = {isa = PBXFileReference; lastKnownFileType = file.storyboard; name = Base; path = Base.lproj/Main.storyboard; sourceTree = "<group>"; };
		5C6DDBEC2884203E00D4B011 /* Assets.xcassets */ = {isa = PBXFileReference; lastKnownFileType = folder.assetcatalog; path = Assets.xcassets; sourceTree = "<group>"; };
		5C6DDBEF2884203E00D4B011 /* Base */ = {isa = PBXFileReference; lastKnownFileType = file.storyboard; name = Base; path = Base.lproj/LaunchScreen.storyboard; sourceTree = "<group>"; };
		5C6DDBF12884203E00D4B011 /* Info.plist */ = {isa = PBXFileReference; lastKnownFileType = text.plist.xml; path = Info.plist; sourceTree = "<group>"; };
		5C6DDBF82884221E00D4B011 /* trackCountingStars.mp3 */ = {isa = PBXFileReference; lastKnownFileType = audio.mp3; path = trackCountingStars.mp3; sourceTree = "<group>"; };
		5C6DDBF92884221E00D4B011 /* trackGruppaKrovi.mp3 */ = {isa = PBXFileReference; lastKnownFileType = audio.mp3; path = trackGruppaKrovi.mp3; sourceTree = "<group>"; };
		5C6DDBFA2884221E00D4B011 /* trackSmellsLikeTeenSpirit.mp3 */ = {isa = PBXFileReference; lastKnownFileType = audio.mp3; path = trackSmellsLikeTeenSpirit.mp3; sourceTree = "<group>"; };
/* End PBXFileReference section */

/* Begin PBXFrameworksBuildPhase section */
		5C6DDBDD2884203B00D4B011 /* Frameworks */ = {
			isa = PBXFrameworksBuildPhase;
			buildActionMask = 2147483647;
			files = (
			);
			runOnlyForDeploymentPostprocessing = 0;
		};
/* End PBXFrameworksBuildPhase section */

/* Begin PBXGroup section */
		5C6DDBD72884203B00D4B011 = {
			isa = PBXGroup;
			children = (
				5C6DDBE22884203B00D4B011 /* AppleMusic */,
				5C6DDBE12884203B00D4B011 /* Products */,
			);
			sourceTree = "<group>";
		};
		5C6DDBE12884203B00D4B011 /* Products */ = {
			isa = PBXGroup;
			children = (
				5C6DDBE02884203B00D4B011 /* AppleMusic.app */,
			);
			name = Products;
			sourceTree = "<group>";
		};
		5C6DDBE22884203B00D4B011 /* AppleMusic */ = {
			isa = PBXGroup;
			children = (
				5C6DDBF72884216800D4B011 /* Audios */,
				5C6DDBE32884203B00D4B011 /* AppDelegate.swift */,
				5C6DDBE52884203B00D4B011 /* SceneDelegate.swift */,
				5C6DDBE72884203B00D4B011 /* ViewController.swift */,
				5C68DDA5288438FE00727DC3 /* PlayerViewController.swift */,
				5C6DDBE92884203B00D4B011 /* Main.storyboard */,
				5C6DDBEC2884203E00D4B011 /* Assets.xcassets */,
				5C6DDBEE2884203E00D4B011 /* LaunchScreen.storyboard */,
				5C6DDBF12884203E00D4B011 /* Info.plist */,
			);
			path = AppleMusic;
			sourceTree = "<group>";
		};
		5C6DDBF72884216800D4B011 /* Audios */ = {
			isa = PBXGroup;
			children = (
				5C6DDBFA2884221E00D4B011 /* trackSmellsLikeTeenSpirit.mp3 */,
				5C6DDBF82884221E00D4B011 /* trackCountingStars.mp3 */,
				5C6DDBF92884221E00D4B011 /* trackGruppaKrovi.mp3 */,
			);
			path = Audios;
			sourceTree = "<group>";
		};
/* End PBXGroup section */

/* Begin PBXNativeTarget section */
		5C6DDBDF2884203B00D4B011 /* AppleMusic */ = {
			isa = PBXNativeTarget;
			buildConfigurationList = 5C6DDBF42884203E00D4B011 /* Build configuration list for PBXNativeTarget "AppleMusic" */;
			buildPhases = (
				5C6DDBDC2884203B00D4B011 /* Sources */,
				5C6DDBDD2884203B00D4B011 /* Frameworks */,
				5C6DDBDE2884203B00D4B011 /* Resources */,
			);
			buildRules = (
			);
			dependencies = (
			);
			name = AppleMusic;
			productName = AppleMusic;
			productReference = 5C6DDBE02884203B00D4B011 /* AppleMusic.app */;
			productType = "com.apple.product-type.application";
		};
/* End PBXNativeTarget section */

/* Begin PBXProject section */
		5C6DDBD82884203B00D4B011 /* Project object */ = {
			isa = PBXProject;
			attributes = {
				BuildIndependentTargetsInParallel = 1;
				LastSwiftUpdateCheck = 1340;
				LastUpgradeCheck = 1340;
				TargetAttributes = {
					5C6DDBDF2884203B00D4B011 = {
						CreatedOnToolsVersion = 13.4.1;
					};
				};
			};
			buildConfigurationList = 5C6DDBDB2884203B00D4B011 /* Build configuration list for PBXProject "AppleMusic" */;
			compatibilityVersion = "Xcode 13.0";
			developmentRegion = en;
			hasScannedForEncodings = 0;
			knownRegions = (
				en,
				Base,
			);
			mainGroup = 5C6DDBD72884203B00D4B011;
			productRefGroup = 5C6DDBE12884203B00D4B011 /* Products */;
			projectDirPath = "";
			projectRoot = "";
			targets = (
				5C6DDBDF2884203B00D4B011 /* AppleMusic */,
			);
		};
/* End PBXProject section */

/* Begin PBXResourcesBuildPhase section */
		5C6DDBDE2884203B00D4B011 /* Resources */ = {
			isa = PBXResourcesBuildPhase;
			buildActionMask = 2147483647;
			files = (
				5C6DDBF02884203E00D4B011 /* LaunchScreen.storyboard in Resources */,
				5C6DDBFD2884221E00D4B011 /* trackSmellsLikeTeenSpirit.mp3 in Resources */,
				5C6DDBED2884203E00D4B011 /* Assets.xcassets in Resources */,
				5C6DDBEB2884203B00D4B011 /* Main.storyboard in Resources */,
				5C6DDBFC2884221E00D4B011 /* trackGruppaKrovi.mp3 in Resources */,
				5C6DDBFB2884221E00D4B011 /* trackCountingStars.mp3 in Resources */,
			);
			runOnlyForDeploymentPostprocessing = 0;
		};
/* End PBXResourcesBuildPhase section */

/* Begin PBXSourcesBuildPhase section */
		5C6DDBDC2884203B00D4B011 /* Sources */ = {
			isa = PBXSourcesBuildPhase;
			buildActionMask = 2147483647;
			files = (
				5C6DDBE82884203B00D4B011 /* ViewController.swift in Sources */,
				5C68DDA6288438FE00727DC3 /* PlayerViewController.swift in Sources */,
				5C6DDBE42884203B00D4B011 /* AppDelegate.swift in Sources */,
				5C6DDBE62884203B00D4B011 /* SceneDelegate.swift in Sources */,
			);
			runOnlyForDeploymentPostprocessing = 0;
		};
/* End PBXSourcesBuildPhase section */

/* Begin PBXVariantGroup section */
		5C6DDBE92884203B00D4B011 /* Main.storyboard */ = {
			isa = PBXVariantGroup;
			children = (
				5C6DDBEA2884203B00D4B011 /* Base */,
			);
			name = Main.storyboard;
			sourceTree = "<group>";
		};
		5C6DDBEE2884203E00D4B011 /* LaunchScreen.storyboard */ = {
			isa = PBXVariantGroup;
			children = (
				5C6DDBEF2884203E00D4B011 /* Base */,
			);
			name = LaunchScreen.storyboard;
			sourceTree = "<group>";
		};
/* End PBXVariantGroup section */

/* Begin XCBuildConfiguration section */
		5C6DDBF22884203E00D4B011 /* Debug */ = {
			isa = XCBuildConfiguration;
			buildSettings = {
				ALWAYS_SEARCH_USER_PATHS = NO;
				CLANG_ANALYZER_NONNULL = YES;
				CLANG_ANALYZER_NUMBER_OBJECT_CONVERSION = YES_AGGRESSIVE;
				CLANG_CXX_LANGUAGE_STANDARD = "gnu++17";
				CLANG_ENABLE_MODULES = YES;
				CLANG_ENABLE_OBJC_ARC = YES;
				CLANG_ENABLE_OBJC_WEAK = YES;
				CLANG_WARN_BLOCK_CAPTURE_AUTORELEASING = YES;
				CLANG_WARN_BOOL_CONVERSION = YES;
				CLANG_WARN_COMMA = YES;
				CLANG_WARN_CONSTANT_CONVERSION = YES;
				CLANG_WARN_DEPRECATED_OBJC_IMPLEMENTATIONS = YES;
				CLANG_WARN_DIRECT_OBJC_ISA_USAGE = YES_ERROR;
				CLANG_WARN_DOCUMENTATION_COMMENTS = YES;
				CLANG_WARN_EMPTY_BODY = YES;
				CLANG_WARN_ENUM_CONVERSION = YES;
				CLANG_WARN_INFINITE_RECURSION = YES;
				CLANG_WARN_INT_CONVERSION = YES;
				CLANG_WARN_NON_LITERAL_NULL_CONVERSION = YES;
				CLANG_WARN_OBJC_IMPLICIT_RETAIN_SELF = YES;
				CLANG_WARN_OBJC_LITERAL_CONVERSION = YES;
				CLANG_WARN_OBJC_ROOT_CLASS = YES_ERROR;
				CLANG_WARN_QUOTED_INCLUDE_IN_FRAMEWORK_HEADER = YES;
				CLANG_WARN_RANGE_LOOP_ANALYSIS = YES;
				CLANG_WARN_STRICT_PROTOTYPES = YES;
				CLANG_WARN_SUSPICIOUS_MOVE = YES;
				CLANG_WARN_UNGUARDED_AVAILABILITY = YES_AGGRESSIVE;
				CLANG_WARN_UNREACHABLE_CODE = YES;
				CLANG_WARN__DUPLICATE_METHOD_MATCH = YES;
				COPY_PHASE_STRIP = NO;
				DEBUG_INFORMATION_FORMAT = dwarf;
				ENABLE_STRICT_OBJC_MSGSEND = YES;
				ENABLE_TESTABILITY = YES;
				GCC_C_LANGUAGE_STANDARD = gnu11;
				GCC_DYNAMIC_NO_PIC = NO;
				GCC_NO_COMMON_BLOCKS = YES;
				GCC_OPTIMIZATION_LEVEL = 0;
				GCC_PREPROCESSOR_DEFINITIONS = (
					"DEBUG=1",
					"$(inherited)",
				);
				GCC_WARN_64_TO_32_BIT_CONVERSION = YES;
				GCC_WARN_ABOUT_RETURN_TYPE = YES_ERROR;
				GCC_WARN_UNDECLARED_SELECTOR = YES;
				GCC_WARN_UNINITIALIZED_AUTOS = YES_AGGRESSIVE;
				GCC_WARN_UNUSED_FUNCTION = YES;
				GCC_WARN_UNUSED_VARIABLE = YES;
				IPHONEOS_DEPLOYMENT_TARGET = 15.5;
				MTL_ENABLE_DEBUG_INFO = INCLUDE_SOURCE;
				MTL_FAST_MATH = YES;
				ONLY_ACTIVE_ARCH = YES;
				SDKROOT = iphoneos;
				SWIFT_ACTIVE_COMPILATION_CONDITIONS = DEBUG;
				SWIFT_OPTIMIZATION_LEVEL = "-Onone";
			};
			name = Debug;
		};
		5C6DDBF32884203E00D4B011 /* Release */ = {
			isa = XCBuildConfiguration;
			buildSettings = {
				ALWAYS_SEARCH_USER_PATHS = NO;
				CLANG_ANALYZER_NONNULL = YES;
				CLANG_ANALYZER_NUMBER_OBJECT_CONVERSION = YES_AGGRESSIVE;
				CLANG_CXX_LANGUAGE_STANDARD = "gnu++17";
				CLANG_ENABLE_MODULES = YES;
				CLANG_ENABLE_OBJC_ARC = YES;
				CLANG_ENABLE_OBJC_WEAK = YES;
				CLANG_WARN_BLOCK_CAPTURE_AUTORELEASING = YES;
				CLANG_WARN_BOOL_CONVERSION = YES;
				CLANG_WARN_COMMA = YES;
				CLANG_WARN_CONSTANT_CONVERSION = YES;
				CLANG_WARN_DEPRECATED_OBJC_IMPLEMENTATIONS = YES;
				CLANG_WARN_DIRECT_OBJC_ISA_USAGE = YES_ERROR;
				CLANG_WARN_DOCUMENTATION_COMMENTS = YES;
				CLANG_WARN_EMPTY_BODY = YES;
				CLANG_WARN_ENUM_CONVERSION = YES;
				CLANG_WARN_INFINITE_RECURSION = YES;
				CLANG_WARN_INT_CONVERSION = YES;
				CLANG_WARN_NON_LITERAL_NULL_CONVERSION = YES;
				CLANG_WARN_OBJC_IMPLICIT_RETAIN_SELF = YES;
				CLANG_WARN_OBJC_LITERAL_CONVERSION = YES;
				CLANG_WARN_OBJC_ROOT_CLASS = YES_ERROR;
				CLANG_WARN_QUOTED_INCLUDE_IN_FRAMEWORK_HEADER = YES;
				CLANG_WARN_RANGE_LOOP_ANALYSIS = YES;
				CLANG_WARN_STRICT_PROTOTYPES = YES;
				CLANG_WARN_SUSPICIOUS_MOVE = YES;
				CLANG_WARN_UNGUARDED_AVAILABILITY = YES_AGGRESSIVE;
				CLANG_WARN_UNREACHABLE_CODE = YES;
				CLANG_WARN__DUPLICATE_METHOD_MATCH = YES;
				COPY_PHASE_STRIP = NO;
				DEBUG_INFORMATION_FORMAT = "dwarf-with-dsym";
				ENABLE_NS_ASSERTIONS = NO;
				ENABLE_STRICT_OBJC_MSGSEND = YES;
				GCC_C_LANGUAGE_STANDARD = gnu11;
				GCC_NO_COMMON_BLOCKS = YES;
				GCC_WARN_64_TO_32_BIT_CONVERSION = YES;
				GCC_WARN_ABOUT_RETURN_TYPE = YES_ERROR;
				GCC_WARN_UNDECLARED_SELECTOR = YES;
				GCC_WARN_UNINITIALIZED_AUTOS = YES_AGGRESSIVE;
				GCC_WARN_UNUSED_FUNCTION = YES;
				GCC_WARN_UNUSED_VARIABLE = YES;
				IPHONEOS_DEPLOYMENT_TARGET = 15.5;
				MTL_ENABLE_DEBUG_INFO = NO;
				MTL_FAST_MATH = YES;
				SDKROOT = iphoneos;
				SWIFT_COMPILATION_MODE = wholemodule;
				SWIFT_OPTIMIZATION_LEVEL = "-O";
				VALIDATE_PRODUCT = YES;
			};
			name = Release;
		};
		5C6DDBF52884203E00D4B011 /* Debug */ = {
			isa = XCBuildConfiguration;
			buildSettings = {
				ASSETCATALOG_COMPILER_APPICON_NAME = AppIcon;
				ASSETCATALOG_COMPILER_GLOBAL_ACCENT_COLOR_NAME = AccentColor;
				CODE_SIGN_STYLE = Automatic;
				CURRENT_PROJECT_VERSION = 1;
				DEVELOPMENT_TEAM = 4Z7HNGC242;
				GENERATE_INFOPLIST_FILE = YES;
				INFOPLIST_FILE = AppleMusic/Info.plist;
				INFOPLIST_KEY_UIApplicationSupportsIndirectInputEvents = YES;
				INFOPLIST_KEY_UILaunchStoryboardName = LaunchScreen;
				INFOPLIST_KEY_UIMainStoryboardFile = Main;
				INFOPLIST_KEY_UISupportedInterfaceOrientations_iPad = "UIInterfaceOrientationPortrait UIInterfaceOrientationPortraitUpsideDown UIInterfaceOrientationLandscapeLeft UIInterfaceOrientationLandscapeRight";
				INFOPLIST_KEY_UISupportedInterfaceOrientations_iPhone = "UIInterfaceOrientationPortrait UIInterfaceOrientationLandscapeLeft UIInterfaceOrientationLandscapeRight";
				LD_RUNPATH_SEARCH_PATHS = (
					"$(inherited)",
					"@executable_path/Frameworks",
				);
				MARKETING_VERSION = 1.0;
				PRODUCT_BUNDLE_IDENTIFIER = com.gaitovrk.AppleMusic;
				PRODUCT_NAME = "$(TARGET_NAME)";
				SWIFT_EMIT_LOC_STRINGS = YES;
				SWIFT_VERSION = 5.0;
				TARGETED_DEVICE_FAMILY = "1,2";
			};
			name = Debug;
		};
		5C6DDBF62884203E00D4B011 /* Release */ = {
			isa = XCBuildConfiguration;
			buildSettings = {
				ASSETCATALOG_COMPILER_APPICON_NAME = AppIcon;
				ASSETCATALOG_COMPILER_GLOBAL_ACCENT_COLOR_NAME = AccentColor;
				CODE_SIGN_STYLE = Automatic;
				CURRENT_PROJECT_VERSION = 1;
				DEVELOPMENT_TEAM = 4Z7HNGC242;
				GENERATE_INFOPLIST_FILE = YES;
				INFOPLIST_FILE = AppleMusic/Info.plist;
				INFOPLIST_KEY_UIApplicationSupportsIndirectInputEvents = YES;
				INFOPLIST_KEY_UILaunchStoryboardName = LaunchScreen;
				INFOPLIST_KEY_UIMainStoryboardFile = Main;
				INFOPLIST_KEY_UISupportedInterfaceOrientations_iPad = "UIInterfaceOrientationPortrait UIInterfaceOrientationPortraitUpsideDown UIInterfaceOrientationLandscapeLeft UIInterfaceOrientationLandscapeRight";
				INFOPLIST_KEY_UISupportedInterfaceOrientations_iPhone = "UIInterfaceOrientationPortrait UIInterfaceOrientationLandscapeLeft UIInterfaceOrientationLandscapeRight";
				LD_RUNPATH_SEARCH_PATHS = (
					"$(inherited)",
					"@executable_path/Frameworks",
				);
				MARKETING_VERSION = 1.0;
				PRODUCT_BUNDLE_IDENTIFIER = com.gaitovrk.AppleMusic;
				PRODUCT_NAME = "$(TARGET_NAME)";
				SWIFT_EMIT_LOC_STRINGS = YES;
				SWIFT_VERSION = 5.0;
				TARGETED_DEVICE_FAMILY = "1,2";
			};
			name = Release;
		};
/* End XCBuildConfiguration section */

/* Begin XCConfigurationList section */
		5C6DDBDB2884203B00D4B011 /* Build configuration list for PBXProject "AppleMusic" */ = {
			isa = XCConfigurationList;
			buildConfigurations = (
				5C6DDBF22884203E00D4B011 /* Debug */,
				5C6DDBF32884203E00D4B011 /* Release */,
			);
			defaultConfigurationIsVisible = 0;
			defaultConfigurationName = Release;
		};
		5C6DDBF42884203E00D4B011 /* Build configuration list for PBXNativeTarget "AppleMusic" */ = {
			isa = XCConfigurationList;
			buildConfigurations = (
				5C6DDBF52884203E00D4B011 /* Debug */,
				5C6DDBF62884203E00D4B011 /* Release */,
			);
			defaultConfigurationIsVisible = 0;
			defaultConfigurationName = Release;
		};
/* End XCConfigurationList section */
	};
	rootObject = 5C6DDBD82884203B00D4B011 /* Project object */;
}
